
Microsoft Visual Studio Solution File, Format Version 12.00
# Visual Studio 14
VisualStudioVersion = 14.0.25420.1
MinimumVisualStudioVersion = 10.0.40219.1
Project("{FAE04EC0-301F-11D3-BF4B-00C04F79EFBC}") = "BrightIM", "BrightIM\BrightIM.csproj", "{08976C70-96E7-4DCC-BF05-5F5A96347072}"
EndProject
Project("{6141683F-8A12-4E36-9623-2EB02B2C2303}") = "BrightIMSetup", "BrightIMSetup\BrightIMSetup.isproj", "{BBFFC03D-27C5-4F1B-B1AC-C68A97CDC040}"
EndProject
Global
	GlobalSection(SolutionConfigurationPlatforms) = preSolution
		CD_ROM|Any CPU = CD_ROM|Any CPU
		CD_ROM|x86 = CD_ROM|x86
		Debug|Any CPU = Debug|Any CPU
		Debug|x86 = Debug|x86
		DVD-5|Any CPU = DVD-5|Any CPU
		DVD-5|x86 = DVD-5|x86
		Release|Any CPU = Release|Any CPU
		Release|x86 = Release|x86
		SingleImage|Any CPU = SingleImage|Any CPU
		SingleImage|x86 = SingleImage|x86
	EndGlobalSection
	GlobalSection(ProjectConfigurationPlatforms) = postSolution
		{08976C70-96E7-4DCC-BF05-5F5A96347072}.CD_ROM|Any CPU.ActiveCfg = Release|Any CPU
		{08976C70-96E7-4DCC-BF05-5F5A96347072}.CD_ROM|Any CPU.Build.0 = Release|Any CPU
		{08976C70-96E7-4DCC-BF05-5F5A96347072}.CD_ROM|x86.ActiveCfg = Release|x86
		{08976C70-96E7-4DCC-BF05-5F5A96347072}.CD_ROM|x86.Build.0 = Release|x86
		{08976C70-96E7-4DCC-BF05-5F5A96347072}.Debug|Any CPU.ActiveCfg = Debug|Any CPU
		{08976C70-96E7-4DCC-BF05-5F5A96347072}.Debug|Any CPU.Build.0 = Debug|Any CPU
		{08976C70-96E7-4DCC-BF05-5F5A96347072}.Debug|x86.ActiveCfg = Debug|x86
		{08976C70-96E7-4DCC-BF05-5F5A96347072}.Debug|x86.Build.0 = Debug|x86
		{08976C70-96E7-4DCC-BF05-5F5A96347072}.DVD-5|Any CPU.ActiveCfg = Debug|Any CPU
		{08976C70-96E7-4DCC-BF05-5F5A96347072}.DVD-5|Any CPU.Build.0 = Debug|Any CPU
		{08976C70-96E7-4DCC-BF05-5F5A96347072}.DVD-5|x86.ActiveCfg = Debug|x86
		{08976C70-96E7-4DCC-BF05-5F5A96347072}.DVD-5|x86.Build.0 = Debug|x86
		{08976C70-96E7-4DCC-BF05-5F5A96347072}.Release|Any CPU.ActiveCfg = Release|Any CPU
		{08976C70-96E7-4DCC-BF05-5F5A96347072}.Release|Any CPU.Build.0 = Release|Any CPU
		{08976C70-96E7-4DCC-BF05-5F5A96347072}.Release|x86.ActiveCfg = Release|x86
		{08976C70-96E7-4DCC-BF05-5F5A96347072}.Release|x86.Build.0 = Release|x86
		{08976C70-96E7-4DCC-BF05-5F5A96347072}.SingleImage|Any CPU.ActiveCfg = Release|Any CPU
		{08976C70-96E7-4DCC-BF05-5F5A96347072}.SingleImage|Any CPU.Build.0 = Release|Any CPU
		{08976C70-96E7-4DCC-BF05-5F5A96347072}.SingleImage|x86.ActiveCfg = Release|x86
		{08976C70-96E7-4DCC-BF05-5F5A96347072}.SingleImage|x86.Build.0 = Release|x86
		{BBFFC03D-27C5-4F1B-B1AC-C68A97CDC040}.CD_ROM|Any CPU.ActiveCfg = CD_ROM
		{BBFFC03D-27C5-4F1B-B1AC-C68A97CDC040}.CD_ROM|Any CPU.Build.0 = CD_ROM
		{BBFFC03D-27C5-4F1B-B1AC-C68A97CDC040}.CD_ROM|x86.ActiveCfg = CD_ROM
		{BBFFC03D-27C5-4F1B-B1AC-C68A97CDC040}.CD_ROM|x86.Build.0 = CD_ROM
		{BBFFC03D-27C5-4F1B-B1AC-C68A97CDC040}.Debug|Any CPU.ActiveCfg = DVD-5
		{BBFFC03D-27C5-4F1B-B1AC-C68A97CDC040}.Debug|Any CPU.Build.0 = DVD-5
		{BBFFC03D-27C5-4F1B-B1AC-C68A97CDC040}.Debug|x86.ActiveCfg = SingleImage
		{BBFFC03D-27C5-4F1B-B1AC-C68A97CDC040}.Debug|x86.Build.0 = SingleImage
		{BBFFC03D-27C5-4F1B-B1AC-C68A97CDC040}.DVD-5|Any CPU.ActiveCfg = DVD-5
		{BBFFC03D-27C5-4F1B-B1AC-C68A97CDC040}.DVD-5|Any CPU.Build.0 = DVD-5
		{BBFFC03D-27C5-4F1B-B1AC-C68A97CDC040}.DVD-5|x86.ActiveCfg = DVD-5
		{BBFFC03D-27C5-4F1B-B1AC-C68A97CDC040}.DVD-5|x86.Build.0 = DVD-5
		{BBFFC03D-27C5-4F1B-B1AC-C68A97CDC040}.Release|Any CPU.ActiveCfg = SingleImage
		{BBFFC03D-27C5-4F1B-B1AC-C68A97CDC040}.Release|Any CPU.Build.0 = SingleImage
		{BBFFC03D-27C5-4F1B-B1AC-C68A97CDC040}.Release|x86.ActiveCfg = SingleImage
		{BBFFC03D-27C5-4F1B-B1AC-C68A97CDC040}.Release|x86.Build.0 = SingleImage
		{BBFFC03D-27C5-4F1B-B1AC-C68A97CDC040}.SingleImage|Any CPU.ActiveCfg = SingleImage
		{BBFFC03D-27C5-4F1B-B1AC-C68A97CDC040}.SingleImage|Any CPU.Build.0 = SingleImage
		{BBFFC03D-27C5-4F1B-B1AC-C68A97CDC040}.SingleImage|x86.ActiveCfg = SingleImage
		{BBFFC03D-27C5-4F1B-B1AC-C68A97CDC040}.SingleImage|x86.Build.0 = SingleImage
	EndGlobalSection
	GlobalSection(SolutionProperties) = preSolution
		HideSolutionNode = FALSE
	EndGlobalSection
EndGlobal
